
Microsoft Visual Studio Solution File, Format Version 12.00
# Visual Studio 15
VisualStudioVersion = 15.0.27130.2024
MinimumVisualStudioVersion = 10.0.40219.1
Project("{FAE04EC0-301F-11D3-BF4B-00C04F79EFBC}") = "Blush", "Blush\Blush.csproj", "{8C063B15-672C-4275-9388-2BFD621039B2}"
EndProject
Global
	GlobalSection(SolutionConfigurationPlatforms) = preSolution
		Debug|Any CPU = Debug|Any CPU
		Release|Any CPU = Release|Any CPU
	EndGlobalSection
	GlobalSection(ProjectConfigurationPlatforms) = postSolution
		{8C063B15-672C-4275-9388-2BFD621039B2}.Debug|Any CPU.ActiveCfg = Debug|Any CPU
		{8C063B15-672C-4275-9388-2BFD621039B2}.Debug|Any CPU.Build.0 = Debug|Any CPU
		{8C063B15-672C-4275-9388-2BFD621039B2}.Release|Any CPU.ActiveCfg = Release|Any CPU
		{8C063B15-672C-4275-9388-2BFD621039B2}.Release|Any CPU.Build.0 = Release|Any CPU
	EndGlobalSection
	GlobalSection(SolutionProperties) = preSolution
		HideSolutionNode = FALSE
	EndGlobalSection
	GlobalSection(ExtensibilityGlobals) = postSolution
		SolutionGuid = {0A34FFE1-DA2B-41AF-9AD2-397F138CFF82}
	EndGlobalSection
EndGlobal
