
Microsoft Visual Studio Solution File, Format Version 12.00
# Visual Studio 15
VisualStudioVersion = 15.0.28307.757
MinimumVisualStudioVersion = 10.0.40219.1
Project("{FAE04EC0-301F-11D3-BF4B-00C04F79EFBC}") = "BucketList", "BucketList\BucketList.csproj", "{A53D9BB2-4E0F-4B30-A167-D7E0643B309C}"
EndProject
Global
	GlobalSection(SolutionConfigurationPlatforms) = preSolution
		Debug|Any CPU = Debug|Any CPU
		Release|Any CPU = Release|Any CPU
	EndGlobalSection
	GlobalSection(ProjectConfigurationPlatforms) = postSolution
		{A53D9BB2-4E0F-4B30-A167-D7E0643B309C}.Debug|Any CPU.ActiveCfg = Debug|Any CPU
		{A53D9BB2-4E0F-4B30-A167-D7E0643B309C}.Debug|Any CPU.Build.0 = Debug|Any CPU
		{A53D9BB2-4E0F-4B30-A167-D7E0643B309C}.Release|Any CPU.ActiveCfg = Release|Any CPU
		{A53D9BB2-4E0F-4B30-A167-D7E0643B309C}.Release|Any CPU.Build.0 = Release|Any CPU
	EndGlobalSection
	GlobalSection(SolutionProperties) = preSolution
		HideSolutionNode = FALSE
	EndGlobalSection
	GlobalSection(ExtensibilityGlobals) = postSolution
		SolutionGuid = {41E192AB-579D-4863-98C1-40233EC63289}
	EndGlobalSection
EndGlobal
